
Microsoft Visual Studio Solution File, Format Version 12.00
# Visual Studio Version 16
VisualStudioVersion = 16.0.29920.165
MinimumVisualStudioVersion = 10.0.40219.1
Project("{FAE04EC0-301F-11D3-BF4B-00C04F79EFBC}") = "Faker", "FakerLab\Faker.csproj", "{ADFE5020-B08E-4550-A326-7354AD322BE2}"
EndProject
Project("{FAE04EC0-301F-11D3-BF4B-00C04F79EFBC}") = "BaseTypeGenerator", "BaseTypeGenerator\BaseTypeGenerator.csproj", "{58D2B90F-9197-4ADE-8C20-D2C32843E1A6}"
EndProject
Project("{FAE04EC0-301F-11D3-BF4B-00C04F79EFBC}") = "PluginInterface", "PluginInterface\PluginInterface.csproj", "{4687FBF9-4A8C-4F33-B66E-C75A487DF439}"
EndProject
Global
	GlobalSection(SolutionConfigurationPlatforms) = preSolution
		Debug|Any CPU = Debug|Any CPU
		Release|Any CPU = Release|Any CPU
	EndGlobalSection
	GlobalSection(ProjectConfigurationPlatforms) = postSolution
		{ADFE5020-B08E-4550-A326-7354AD322BE2}.Debug|Any CPU.ActiveCfg = Debug|Any CPU
		{ADFE5020-B08E-4550-A326-7354AD322BE2}.Debug|Any CPU.Build.0 = Debug|Any CPU
		{ADFE5020-B08E-4550-A326-7354AD322BE2}.Release|Any CPU.ActiveCfg = Release|Any CPU
		{ADFE5020-B08E-4550-A326-7354AD322BE2}.Release|Any CPU.Build.0 = Release|Any CPU
		{58D2B90F-9197-4ADE-8C20-D2C32843E1A6}.Debug|Any CPU.ActiveCfg = Debug|Any CPU
		{58D2B90F-9197-4ADE-8C20-D2C32843E1A6}.Debug|Any CPU.Build.0 = Debug|Any CPU
		{58D2B90F-9197-4ADE-8C20-D2C32843E1A6}.Release|Any CPU.ActiveCfg = Release|Any CPU
		{58D2B90F-9197-4ADE-8C20-D2C32843E1A6}.Release|Any CPU.Build.0 = Release|Any CPU
		{4687FBF9-4A8C-4F33-B66E-C75A487DF439}.Debug|Any CPU.ActiveCfg = Debug|Any CPU
		{4687FBF9-4A8C-4F33-B66E-C75A487DF439}.Debug|Any CPU.Build.0 = Debug|Any CPU
		{4687FBF9-4A8C-4F33-B66E-C75A487DF439}.Release|Any CPU.ActiveCfg = Release|Any CPU
		{4687FBF9-4A8C-4F33-B66E-C75A487DF439}.Release|Any CPU.Build.0 = Release|Any CPU
	EndGlobalSection
	GlobalSection(SolutionProperties) = preSolution
		HideSolutionNode = FALSE
	EndGlobalSection
	GlobalSection(ExtensibilityGlobals) = postSolution
		SolutionGuid = {1BDDE87C-0BAB-4D13-9920-A93596D4D109}
	EndGlobalSection
EndGlobal
